{
  "nodes": {
    "catppuccin": {
      "flake": false,
      "locked": {
        "lastModified": 1712143459,
        "narHash": "sha256-EHZ/D4PrFqwyTpfcst3+hSx6z4saVD1M9CfFqnWI6io=",
        "owner": "catppuccin",
        "repo": "i3",
        "rev": "9c430d7010d73444af5272a596e3a2c058612f71",
        "type": "github"
      },
      "original": {
        "owner": "catppuccin",
        "repo": "i3",
        "type": "github"
      }
    },
    "emacsrc": {
      "inputs": {
        "home-manager": [
          "home-manager"
        ],
        "nixpkgs": [
          "nixpkgs"
        ],
        "passmm": "passmm",
        "telega": "telega"
      },
      "locked": {
        "lastModified": 1717186381,
        "narHash": "sha256-CchuM1Ve3f1XbkVMy33RhPEyMj4G44upMmxDkvVby48=",
        "owner": "pjones",
        "repo": "emacsrc",
        "rev": "ec60d1902dedc2eca7999908cc7e313f0b863a65",
        "type": "github"
      },
      "original": {
        "owner": "pjones",
        "ref": "nixos-24.05",
        "repo": "emacsrc",
        "type": "github"
      }
    },
    "home-manager": {
      "inputs": {
        "nixpkgs": [
          "nixpkgs"
        ]
      },
      "locked": {
        "lastModified": 1716736833,
        "narHash": "sha256-rNObca6dm7Qs524O4st8VJH6pZ/Xe1gxl+Rx6mcWYo0=",
        "owner": "nix-community",
        "repo": "home-manager",
        "rev": "a631666f5ec18271e86a5cde998cba68c33d9ac6",
        "type": "github"
      },
      "original": {
        "owner": "nix-community",
        "ref": "release-24.05",
        "repo": "home-manager",
        "type": "github"
      }
    },
    "nixpkgs": {
      "locked": {
        "lastModified": 1717144377,
        "narHash": "sha256-F/TKWETwB5RaR8owkPPi+SPJh83AQsm6KrQAlJ8v/uA=",
        "owner": "NixOS",
        "repo": "nixpkgs",
        "rev": "805a384895c696f802a9bf5bf4720f37385df547",
        "type": "github"
      },
      "original": {
        "owner": "NixOS",
        "ref": "nixos-24.05",
        "repo": "nixpkgs",
        "type": "github"
      }
    },
    "passmm": {
      "flake": false,
      "locked": {
        "lastModified": 1670182020,
        "narHash": "sha256-VjRp0Cb8UEJMbxWXKvRW83tanc+O5jOCrnjD2WT2YOY=",
        "owner": "pjones",
        "repo": "passmm",
        "rev": "66691e301dff476eaff7c6e817ed9df96d4404c8",
        "type": "github"
      },
      "original": {
        "owner": "pjones",
        "repo": "passmm",
        "type": "github"
      }
    },
    "root": {
      "inputs": {
        "catppuccin": "catppuccin",
        "emacsrc": "emacsrc",
        "home-manager": "home-manager",
        "nixpkgs": "nixpkgs"
      }
    },
    "telega": {
      "flake": false,
      "locked": {
        "lastModified": 1698733686,
        "narHash": "sha256-LW+1qqjtMvtGW3ZtAVo/vBw4uIx3q/cBXRX7Qiis6+A=",
        "owner": "zevlg",
        "repo": "telega.el",
        "rev": "5b49be485ae95d33b3e09c5cac4ff7e569a510f2",
        "type": "github"
      },
      "original": {
        "owner": "zevlg",
        "repo": "telega.el",
        "rev": "5b49be485ae95d33b3e09c5cac4ff7e569a510f2",
        "type": "github"
      }
    }
  },
  "root": "root",
  "version": 7
}
