{
  "nodes": {
    "desktop-scripts": {
      "inputs": {
        "nixpkgs": [
          "nixpkgs"
        ]
      },
      "locked": {
        "lastModified": 1719087774,
        "narHash": "sha256-avU6GX7o5ePF6ep/couDtvb1Wzil7kUgFZT9+MM854I=",
        "owner": "pjones",
        "repo": "desktop-scripts",
        "rev": "72404d34149240ac74825458d10b3ee95bb5d3f0",
        "type": "github"
      },
      "original": {
        "owner": "pjones",
        "repo": "desktop-scripts",
        "type": "github"
      }
    },
    "desktop-scripts_2": {
      "inputs": {
        "nixpkgs": [
          "emacsrc",
          "nixpkgs"
        ]
      },
      "locked": {
        "lastModified": 1719267551,
        "narHash": "sha256-XhLi0lMZsjmbgokaOh+GpvZRQ52WCup3VOmHvQixkws=",
        "owner": "pjones",
        "repo": "desktop-scripts",
        "rev": "466c8de0352ddddea76ed5f8c501a8ddcb7b0eb4",
        "type": "github"
      },
      "original": {
        "owner": "pjones",
        "repo": "desktop-scripts",
        "type": "github"
      }
    },
    "emacsrc": {
      "inputs": {
        "desktop-scripts": "desktop-scripts_2",
        "home-manager": [
          "home-manager"
        ],
        "nixpkgs": [
          "nixpkgs"
        ],
        "passmm": "passmm",
        "telega": "telega"
      },
      "locked": {
        "lastModified": 1719959038,
        "narHash": "sha256-wrYs2IT5WbQWn6ulzKkc2TEYz+i999mnh85/OiF4ubU=",
        "owner": "pjones",
        "repo": "emacsrc",
        "rev": "8775f02a5f608cab636f7d6339a922d10706d0ef",
        "type": "github"
      },
      "original": {
        "owner": "pjones",
        "ref": "nixos-24.05",
        "repo": "emacsrc",
        "type": "github"
      }
    },
    "flake-compat": {
      "flake": false,
      "locked": {
        "lastModified": 1696426674,
        "narHash": "sha256-kvjfFW7WAETZlt09AgDn1MrtKzP7t90Vf7vypd3OL1U=",
        "owner": "edolstra",
        "repo": "flake-compat",
        "rev": "0f9255e01c2351cc7d116c072cb317785dd33b33",
        "type": "github"
      },
      "original": {
        "owner": "edolstra",
        "repo": "flake-compat",
        "type": "github"
      }
    },
    "home-manager": {
      "inputs": {
        "nixpkgs": [
          "nixpkgs"
        ]
      },
      "locked": {
        "lastModified": 1717527182,
        "narHash": "sha256-vWSkg6AMok1UUQiSYVdGMOXKD2cDFnajITiSi0Zjd1A=",
        "owner": "nix-community",
        "repo": "home-manager",
        "rev": "845a5c4c073f74105022533907703441e0464bc3",
        "type": "github"
      },
      "original": {
        "owner": "nix-community",
        "ref": "release-24.05",
        "repo": "home-manager",
        "type": "github"
      }
    },
    "nixpkgs": {
      "locked": {
        "lastModified": 1717952948,
        "narHash": "sha256-mJi4/gjiwQlSaxjA6AusXBN/6rQRaPCycR7bd8fydnQ=",
        "owner": "NixOS",
        "repo": "nixpkgs",
        "rev": "2819fffa7fa42156680f0d282c60d81e8fb185b7",
        "type": "github"
      },
      "original": {
        "owner": "NixOS",
        "ref": "nixos-24.05",
        "repo": "nixpkgs",
        "type": "github"
      }
    },
    "nixpkgs_2": {
      "locked": {
        "lastModified": 1716948383,
        "narHash": "sha256-SzDKxseEcHR5KzPXLwsemyTR/kaM9whxeiJohbL04rs=",
        "owner": "NixOS",
        "repo": "nixpkgs",
        "rev": "ad57eef4ef0659193044870c731987a6df5cf56b",
        "type": "github"
      },
      "original": {
        "owner": "NixOS",
        "ref": "nixos-unstable",
        "repo": "nixpkgs",
        "type": "github"
      }
    },
    "passmm": {
      "flake": false,
      "locked": {
        "lastModified": 1670182020,
        "narHash": "sha256-VjRp0Cb8UEJMbxWXKvRW83tanc+O5jOCrnjD2WT2YOY=",
        "owner": "pjones",
        "repo": "passmm",
        "rev": "66691e301dff476eaff7c6e817ed9df96d4404c8",
        "type": "github"
      },
      "original": {
        "owner": "pjones",
        "repo": "passmm",
        "type": "github"
      }
    },
    "rofirc": {
      "inputs": {
        "desktop-scripts": [
          "desktop-scripts"
        ],
        "nixpkgs": [
          "nixpkgs"
        ]
      },
      "locked": {
        "lastModified": 1718056804,
        "narHash": "sha256-0s3Orawjpa527dCR6ZT3zgqr8YlbaMk6b3IqQxkF+dU=",
        "owner": "pjones",
        "repo": "rofirc",
        "rev": "8ae5186b5295af6e71390ed79ca92f5dac46a0f3",
        "type": "github"
      },
      "original": {
        "owner": "pjones",
        "ref": "wayland",
        "repo": "rofirc",
        "type": "github"
      }
    },
    "root": {
      "inputs": {
        "desktop-scripts": "desktop-scripts",
        "emacsrc": "emacsrc",
        "home-manager": "home-manager",
        "nixpkgs": "nixpkgs",
        "rofirc": "rofirc",
        "waybar": "waybar"
      }
    },
    "telega": {
      "flake": false,
      "locked": {
        "lastModified": 1715276147,
        "narHash": "sha256-Fpcta1oyuE95ysHnTRFnoaFBp1bnQkmc9ko92gRhKVs=",
        "owner": "zevlg",
        "repo": "telega.el",
        "rev": "99477b075f4032a49283d730e909a26f11606ee5",
        "type": "github"
      },
      "original": {
        "owner": "zevlg",
        "repo": "telega.el",
        "rev": "99477b075f4032a49283d730e909a26f11606ee5",
        "type": "github"
      }
    },
    "waybar": {
      "inputs": {
        "flake-compat": "flake-compat",
        "nixpkgs": "nixpkgs_2"
      },
      "locked": {
        "lastModified": 1718048281,
        "narHash": "sha256-OMK4BB/a63LQ/2Lh4WvHOfRvTIh043H4Mxro62ue4Ec=",
        "owner": "Alexays",
        "repo": "Waybar",
        "rev": "0251e25f234d24300b9f1063896e13a188fda03c",
        "type": "github"
      },
      "original": {
        "owner": "Alexays",
        "repo": "Waybar",
        "type": "github"
      }
    }
  },
  "root": "root",
  "version": 7
}
