{
  "nodes": {
    "emacsrc": {
      "inputs": {
        "home-manager": [
          "home-manager"
        ],
        "nixpkgs": [
          "nixpkgs"
        ],
        "passmm": "passmm",
        "telega": "telega"
      },
      "locked": {
        "lastModified": 1717453095,
        "narHash": "sha256-QNdeSXfhWUlOBxUzfMySh6ECLXSH7T1njujYN18Js3s=",
        "owner": "pjones",
        "repo": "emacsrc",
        "rev": "fb928e1425bc4cd3ba2a1a726da748f80ffaecb1",
        "type": "github"
      },
      "original": {
        "owner": "pjones",
        "ref": "nixos-24.05",
        "repo": "emacsrc",
        "type": "github"
      }
    },
    "flake-compat": {
      "flake": false,
      "locked": {
        "lastModified": 1696426674,
        "narHash": "sha256-kvjfFW7WAETZlt09AgDn1MrtKzP7t90Vf7vypd3OL1U=",
        "owner": "edolstra",
        "repo": "flake-compat",
        "rev": "0f9255e01c2351cc7d116c072cb317785dd33b33",
        "type": "github"
      },
      "original": {
        "owner": "edolstra",
        "repo": "flake-compat",
        "type": "github"
      }
    },
    "home-manager": {
      "inputs": {
        "nixpkgs": [
          "nixpkgs"
        ]
      },
      "locked": {
        "lastModified": 1716736833,
        "narHash": "sha256-rNObca6dm7Qs524O4st8VJH6pZ/Xe1gxl+Rx6mcWYo0=",
        "owner": "nix-community",
        "repo": "home-manager",
        "rev": "a631666f5ec18271e86a5cde998cba68c33d9ac6",
        "type": "github"
      },
      "original": {
        "owner": "nix-community",
        "ref": "release-24.05",
        "repo": "home-manager",
        "type": "github"
      }
    },
    "nixpkgs": {
      "locked": {
        "lastModified": 1717144377,
        "narHash": "sha256-F/TKWETwB5RaR8owkPPi+SPJh83AQsm6KrQAlJ8v/uA=",
        "owner": "NixOS",
        "repo": "nixpkgs",
        "rev": "805a384895c696f802a9bf5bf4720f37385df547",
        "type": "github"
      },
      "original": {
        "owner": "NixOS",
        "ref": "nixos-24.05",
        "repo": "nixpkgs",
        "type": "github"
      }
    },
    "nixpkgs_2": {
      "locked": {
        "lastModified": 1711163522,
        "narHash": "sha256-YN/Ciidm+A0fmJPWlHBGvVkcarYWSC+s3NTPk/P+q3c=",
        "owner": "NixOS",
        "repo": "nixpkgs",
        "rev": "44d0940ea560dee511026a53f0e2e2cde489b4d4",
        "type": "github"
      },
      "original": {
        "owner": "NixOS",
        "ref": "nixos-unstable",
        "repo": "nixpkgs",
        "type": "github"
      }
    },
    "passmm": {
      "flake": false,
      "locked": {
        "lastModified": 1670182020,
        "narHash": "sha256-VjRp0Cb8UEJMbxWXKvRW83tanc+O5jOCrnjD2WT2YOY=",
        "owner": "pjones",
        "repo": "passmm",
        "rev": "66691e301dff476eaff7c6e817ed9df96d4404c8",
        "type": "github"
      },
      "original": {
        "owner": "pjones",
        "repo": "passmm",
        "type": "github"
      }
    },
    "root": {
      "inputs": {
        "emacsrc": "emacsrc",
        "home-manager": "home-manager",
        "nixpkgs": "nixpkgs",
        "waybar": "waybar"
      }
    },
    "telega": {
      "flake": false,
      "locked": {
        "lastModified": 1698733686,
        "narHash": "sha256-LW+1qqjtMvtGW3ZtAVo/vBw4uIx3q/cBXRX7Qiis6+A=",
        "owner": "zevlg",
        "repo": "telega.el",
        "rev": "5b49be485ae95d33b3e09c5cac4ff7e569a510f2",
        "type": "github"
      },
      "original": {
        "owner": "zevlg",
        "repo": "telega.el",
        "rev": "5b49be485ae95d33b3e09c5cac4ff7e569a510f2",
        "type": "github"
      }
    },
    "waybar": {
      "inputs": {
        "flake-compat": "flake-compat",
        "nixpkgs": "nixpkgs_2"
      },
      "locked": {
        "lastModified": 1717742102,
        "narHash": "sha256-M/D1bF9H9bH+RYRlF4zW6LWX7yB8ckJ8ieRLsrTttqA=",
        "owner": "Alexays",
        "repo": "Waybar",
        "rev": "f4da2039159ac466d42182f8335c860f5b223b54",
        "type": "github"
      },
      "original": {
        "owner": "Alexays",
        "repo": "Waybar",
        "type": "github"
      }
    }
  },
  "root": "root",
  "version": 7
}
